
Microsoft Visual Studio Solution File, Format Version 12.00
# Visual Studio Version 17
VisualStudioVersion = 17.2.32505.173
MinimumVisualStudioVersion = 10.0.40219.1
Project("{FAE04EC0-301F-11D3-BF4B-00C04F79EFBC}") = "TodoApp", "TodoApp\TodoApp.csproj", "{D8EE00A6-B725-4A1D-AAF9-19D388DCFEAE}"
EndProject
Global
	GlobalSection(SolutionConfigurationPlatforms) = preSolution
		Debug|Any CPU = Debug|Any CPU
		Release|Any CPU = Release|Any CPU
	EndGlobalSection
	GlobalSection(ProjectConfigurationPlatforms) = postSolution
		{D8EE00A6-B725-4A1D-AAF9-19D388DCFEAE}.Debug|Any CPU.ActiveCfg = Debug|Any CPU
		{D8EE00A6-B725-4A1D-AAF9-19D388DCFEAE}.Debug|Any CPU.Build.0 = Debug|Any CPU
		{D8EE00A6-B725-4A1D-AAF9-19D388DCFEAE}.Release|Any CPU.ActiveCfg = Release|Any CPU
		{D8EE00A6-B725-4A1D-AAF9-19D388DCFEAE}.Release|Any CPU.Build.0 = Release|Any CPU
	EndGlobalSection
	GlobalSection(SolutionProperties) = preSolution
		HideSolutionNode = FALSE
	EndGlobalSection
	GlobalSection(ExtensibilityGlobals) = postSolution
		SolutionGuid = {259E3CE1-72E3-4FAF-9C94-A50723CFECC6}
	EndGlobalSection
EndGlobal
